
Microsoft Visual Studio Solution File, Format Version 12.00
# Visual Studio Version 16
VisualStudioVersion = 16.0.31911.196
MinimumVisualStudioVersion = 10.0.40219.1
Project("{FAE04EC0-301F-11D3-BF4B-00C04F79EFBC}") = "Homework_WpfApp16.2", "Homework_WpfApp16.2\Homework_WpfApp16.2.csproj", "{0E66E2C4-3103-4C57-BD9A-3D5E349F755F}"
EndProject
Global
	GlobalSection(SolutionConfigurationPlatforms) = preSolution
		Debug|Any CPU = Debug|Any CPU
		Release|Any CPU = Release|Any CPU
	EndGlobalSection
	GlobalSection(ProjectConfigurationPlatforms) = postSolution
		{0E66E2C4-3103-4C57-BD9A-3D5E349F755F}.Debug|Any CPU.ActiveCfg = Debug|Any CPU
		{0E66E2C4-3103-4C57-BD9A-3D5E349F755F}.Debug|Any CPU.Build.0 = Debug|Any CPU
		{0E66E2C4-3103-4C57-BD9A-3D5E349F755F}.Release|Any CPU.ActiveCfg = Release|Any CPU
		{0E66E2C4-3103-4C57-BD9A-3D5E349F755F}.Release|Any CPU.Build.0 = Release|Any CPU
	EndGlobalSection
	GlobalSection(SolutionProperties) = preSolution
		HideSolutionNode = FALSE
	EndGlobalSection
	GlobalSection(ExtensibilityGlobals) = postSolution
		SolutionGuid = {EEB5CBA4-B287-4B43-976E-0BDAF26D4B0D}
	EndGlobalSection
EndGlobal
